
Microsoft Visual Studio Solution File, Format Version 12.00
# Visual Studio Version 17
VisualStudioVersion = 17.3.32929.385
MinimumVisualStudioVersion = 10.0.40219.1
Project("{FAE04EC0-301F-11D3-BF4B-00C04F79EFBC}") = "WheelTest", "WheelTest\WheelTest.csproj", "{74B252C4-9594-4908-B943-B20ABECD85D9}"
EndProject
Project("{FAE04EC0-301F-11D3-BF4B-00C04F79EFBC}") = "WheelTest.Style", "WheelTest.Style\WheelTest.Style.csproj", "{4A9C60A6-2F01-4494-93A9-4C24583853A4}"
EndProject
Project("{FAE04EC0-301F-11D3-BF4B-00C04F79EFBC}") = "Smt.SDK.Test", "Smt.SDK.Test\Smt.SDK.Test.csproj", "{168080C7-A5AE-440F-B3E7-11F71E288FC6}"
EndProject
Project("{FAE04EC0-301F-11D3-BF4B-00C04F79EFBC}") = "WheelTest.CSDN.DailyExercise", "WheelTest.CSDN.DailyExercise\WheelTest.CSDN.DailyExercise.csproj", "{D1505434-3344-4B79-8473-7652605CC655}"
EndProject
Project("{FAE04EC0-301F-11D3-BF4B-00C04F79EFBC}") = "WheelTest.Console", "WheelTest.Console\WheelTest.Console.csproj", "{8024072D-7150-4C76-9D28-9CB9533E7189}"
EndProject
Project("{FAE04EC0-301F-11D3-BF4B-00C04F79EFBC}") = "fidder", "fidder\fidder.csproj", "{A975D847-E8AF-488D-AB0C-DC42489BD33D}"
EndProject
Global
	GlobalSection(SolutionConfigurationPlatforms) = preSolution
		Debug|Any CPU = Debug|Any CPU
		Debug|x64 = Debug|x64
		Release|Any CPU = Release|Any CPU
		Release|x64 = Release|x64
	EndGlobalSection
	GlobalSection(ProjectConfigurationPlatforms) = postSolution
		{74B252C4-9594-4908-B943-B20ABECD85D9}.Debug|Any CPU.ActiveCfg = Debug|Any CPU
		{74B252C4-9594-4908-B943-B20ABECD85D9}.Debug|Any CPU.Build.0 = Debug|Any CPU
		{74B252C4-9594-4908-B943-B20ABECD85D9}.Debug|x64.ActiveCfg = Debug|Any CPU
		{74B252C4-9594-4908-B943-B20ABECD85D9}.Debug|x64.Build.0 = Debug|Any CPU
		{74B252C4-9594-4908-B943-B20ABECD85D9}.Release|Any CPU.ActiveCfg = Release|Any CPU
		{74B252C4-9594-4908-B943-B20ABECD85D9}.Release|Any CPU.Build.0 = Release|Any CPU
		{74B252C4-9594-4908-B943-B20ABECD85D9}.Release|x64.ActiveCfg = Release|Any CPU
		{74B252C4-9594-4908-B943-B20ABECD85D9}.Release|x64.Build.0 = Release|Any CPU
		{4A9C60A6-2F01-4494-93A9-4C24583853A4}.Debug|Any CPU.ActiveCfg = Debug|Any CPU
		{4A9C60A6-2F01-4494-93A9-4C24583853A4}.Debug|Any CPU.Build.0 = Debug|Any CPU
		{4A9C60A6-2F01-4494-93A9-4C24583853A4}.Debug|x64.ActiveCfg = Debug|Any CPU
		{4A9C60A6-2F01-4494-93A9-4C24583853A4}.Debug|x64.Build.0 = Debug|Any CPU
		{4A9C60A6-2F01-4494-93A9-4C24583853A4}.Release|Any CPU.ActiveCfg = Release|Any CPU
		{4A9C60A6-2F01-4494-93A9-4C24583853A4}.Release|Any CPU.Build.0 = Release|Any CPU
		{4A9C60A6-2F01-4494-93A9-4C24583853A4}.Release|x64.ActiveCfg = Release|Any CPU
		{4A9C60A6-2F01-4494-93A9-4C24583853A4}.Release|x64.Build.0 = Release|Any CPU
		{168080C7-A5AE-440F-B3E7-11F71E288FC6}.Debug|Any CPU.ActiveCfg = Debug|Any CPU
		{168080C7-A5AE-440F-B3E7-11F71E288FC6}.Debug|Any CPU.Build.0 = Debug|Any CPU
		{168080C7-A5AE-440F-B3E7-11F71E288FC6}.Debug|x64.ActiveCfg = Debug|Any CPU
		{168080C7-A5AE-440F-B3E7-11F71E288FC6}.Debug|x64.Build.0 = Debug|Any CPU
		{168080C7-A5AE-440F-B3E7-11F71E288FC6}.Release|Any CPU.ActiveCfg = Release|Any CPU
		{168080C7-A5AE-440F-B3E7-11F71E288FC6}.Release|Any CPU.Build.0 = Release|Any CPU
		{168080C7-A5AE-440F-B3E7-11F71E288FC6}.Release|x64.ActiveCfg = Release|Any CPU
		{168080C7-A5AE-440F-B3E7-11F71E288FC6}.Release|x64.Build.0 = Release|Any CPU
		{D1505434-3344-4B79-8473-7652605CC655}.Debug|Any CPU.ActiveCfg = Debug|Any CPU
		{D1505434-3344-4B79-8473-7652605CC655}.Debug|Any CPU.Build.0 = Debug|Any CPU
		{D1505434-3344-4B79-8473-7652605CC655}.Debug|x64.ActiveCfg = Debug|Any CPU
		{D1505434-3344-4B79-8473-7652605CC655}.Debug|x64.Build.0 = Debug|Any CPU
		{D1505434-3344-4B79-8473-7652605CC655}.Release|Any CPU.ActiveCfg = Release|Any CPU
		{D1505434-3344-4B79-8473-7652605CC655}.Release|Any CPU.Build.0 = Release|Any CPU
		{D1505434-3344-4B79-8473-7652605CC655}.Release|x64.ActiveCfg = Release|Any CPU
		{D1505434-3344-4B79-8473-7652605CC655}.Release|x64.Build.0 = Release|Any CPU
		{8024072D-7150-4C76-9D28-9CB9533E7189}.Debug|Any CPU.ActiveCfg = Debug|Any CPU
		{8024072D-7150-4C76-9D28-9CB9533E7189}.Debug|Any CPU.Build.0 = Debug|Any CPU
		{8024072D-7150-4C76-9D28-9CB9533E7189}.Debug|x64.ActiveCfg = Debug|Any CPU
		{8024072D-7150-4C76-9D28-9CB9533E7189}.Debug|x64.Build.0 = Debug|Any CPU
		{8024072D-7150-4C76-9D28-9CB9533E7189}.Release|Any CPU.ActiveCfg = Release|Any CPU
		{8024072D-7150-4C76-9D28-9CB9533E7189}.Release|Any CPU.Build.0 = Release|Any CPU
		{8024072D-7150-4C76-9D28-9CB9533E7189}.Release|x64.ActiveCfg = Release|Any CPU
		{8024072D-7150-4C76-9D28-9CB9533E7189}.Release|x64.Build.0 = Release|Any CPU
		{A975D847-E8AF-488D-AB0C-DC42489BD33D}.Debug|Any CPU.ActiveCfg = Debug|Any CPU
		{A975D847-E8AF-488D-AB0C-DC42489BD33D}.Debug|Any CPU.Build.0 = Debug|Any CPU
		{A975D847-E8AF-488D-AB0C-DC42489BD33D}.Debug|x64.ActiveCfg = Debug|Any CPU
		{A975D847-E8AF-488D-AB0C-DC42489BD33D}.Debug|x64.Build.0 = Debug|Any CPU
		{A975D847-E8AF-488D-AB0C-DC42489BD33D}.Release|Any CPU.ActiveCfg = Release|Any CPU
		{A975D847-E8AF-488D-AB0C-DC42489BD33D}.Release|Any CPU.Build.0 = Release|Any CPU
		{A975D847-E8AF-488D-AB0C-DC42489BD33D}.Release|x64.ActiveCfg = Release|Any CPU
		{A975D847-E8AF-488D-AB0C-DC42489BD33D}.Release|x64.Build.0 = Release|Any CPU
	EndGlobalSection
	GlobalSection(SolutionProperties) = preSolution
		HideSolutionNode = FALSE
	EndGlobalSection
	GlobalSection(ExtensibilityGlobals) = postSolution
		SolutionGuid = {EB3A61F2-A3CA-4B1D-9290-3EF5AEACF609}
	EndGlobalSection
EndGlobal
